// !$*UTF8*$!
{
	archiveVersion = 1;
	classes = {
	};
	objectVersion = 55;
	objects = {

/* Begin PBXBuildFile section */
		D929438C285F9A8800297236 /* FileDownloadProvider.swift in Sources */ = {isa = PBXBuildFile; fileRef = D929438B285F9A8800297236 /* FileDownloadProvider.swift */; };
		D929438E285FA0AA00297236 /* FileDownloadProviderDelegate.swift in Sources */ = {isa = PBXBuildFile; fileRef = D929438D285FA0AA00297236 /* FileDownloadProviderDelegate.swift */; };
		D9294391285FD63300297236 /* Alamofire in Frameworks */ = {isa = PBXBuildFile; productRef = D9294390285FD63300297236 /* Alamofire */; };
		D9294397286010FA00297236 /* Localizable.strings in Resources */ = {isa = PBXBuildFile; fileRef = D9294399286010FA00297236 /* Localizable.strings */; };
		D92C3D04285BB41E008EA36C /* CameraPreviewView.swift in Sources */ = {isa = PBXBuildFile; fileRef = D92C3D03285BB41E008EA36C /* CameraPreviewView.swift */; };
		D92C3D07285BB5EC008EA36C /* SnapKit in Frameworks */ = {isa = PBXBuildFile; productRef = D92C3D06285BB5EC008EA36C /* SnapKit */; };
		D92C3D0B285BCB90008EA36C /* QRScannerCaptionProvider.swift in Sources */ = {isa = PBXBuildFile; fileRef = D92C3D0A285BCB90008EA36C /* QRScannerCaptionProvider.swift */; };
		D92C3D0D285BE512008EA36C /* CaptureProviderDelegate.swift in Sources */ = {isa = PBXBuildFile; fileRef = D92C3D0C285BE512008EA36C /* CaptureProviderDelegate.swift */; };
		D92C3D10285BEA3A008EA36C /* String+Ext.swift in Sources */ = {isa = PBXBuildFile; fileRef = D92C3D0F285BEA3A008EA36C /* String+Ext.swift */; };
		D94632032860156700528B38 /* DownloadProvider.swift in Sources */ = {isa = PBXBuildFile; fileRef = D94632022860156700528B38 /* DownloadProvider.swift */; };
		D972ADCA2858D40D00080DC8 /* AppDelegate.swift in Sources */ = {isa = PBXBuildFile; fileRef = D972ADC92858D40D00080DC8 /* AppDelegate.swift */; };
		D972ADCC2858D40D00080DC8 /* SceneDelegate.swift in Sources */ = {isa = PBXBuildFile; fileRef = D972ADCB2858D40D00080DC8 /* SceneDelegate.swift */; };
		D972ADCE2858D40D00080DC8 /* QRScannerViewController.swift in Sources */ = {isa = PBXBuildFile; fileRef = D972ADCD2858D40D00080DC8 /* QRScannerViewController.swift */; };
		D972ADD12858D40D00080DC8 /* Main.storyboard in Resources */ = {isa = PBXBuildFile; fileRef = D972ADCF2858D40D00080DC8 /* Main.storyboard */; };
		D972ADD32858D40F00080DC8 /* Assets.xcassets in Resources */ = {isa = PBXBuildFile; fileRef = D972ADD22858D40F00080DC8 /* Assets.xcassets */; };
		D972ADD62858D40F00080DC8 /* LaunchScreen.storyboard in Resources */ = {isa = PBXBuildFile; fileRef = D972ADD42858D40F00080DC8 /* LaunchScreen.storyboard */; };
		D972ADE82858FD8600080DC8 /* QRScannerPresenter.swift in Sources */ = {isa = PBXBuildFile; fileRef = D972ADE72858FD8600080DC8 /* QRScannerPresenter.swift */; };
		D972ADEC2858FEAC00080DC8 /* QRScanner.swift in Sources */ = {isa = PBXBuildFile; fileRef = D972ADEB2858FEAC00080DC8 /* QRScanner.swift */; };
		D972ADEE2858FF2800080DC8 /* QRScannerPresenterDelegate.swift in Sources */ = {isa = PBXBuildFile; fileRef = D972ADED2858FF2800080DC8 /* QRScannerPresenterDelegate.swift */; };
		D972ADF22859013100080DC8 /* ScanResultsPresenter.swift in Sources */ = {isa = PBXBuildFile; fileRef = D972ADF12859013100080DC8 /* ScanResultsPresenter.swift */; };
		D972ADF42859014300080DC8 /* ScanResults.swift in Sources */ = {isa = PBXBuildFile; fileRef = D972ADF32859014300080DC8 /* ScanResults.swift */; };
		D972ADF62859017000080DC8 /* ScanResultsPresenterDelegate.swift in Sources */ = {isa = PBXBuildFile; fileRef = D972ADF52859017000080DC8 /* ScanResultsPresenterDelegate.swift */; };
		D972ADF82859018900080DC8 /* ScanResultsViewController.swift in Sources */ = {isa = PBXBuildFile; fileRef = D972ADF72859018900080DC8 /* ScanResultsViewController.swift */; };
		D9A33340285A6D120037A3D5 /* CaptureProvider.swift in Sources */ = {isa = PBXBuildFile; fileRef = D9A3333F285A6D120037A3D5 /* CaptureProvider.swift */; };
		D9F544EE28591B2A00A6E51B /* InfoPlist.strings in Resources */ = {isa = PBXBuildFile; fileRef = D9F544F028591B2A00A6E51B /* InfoPlist.strings */; };
/* End PBXBuildFile section */

/* Begin PBXFileReference section */
		D929438B285F9A8800297236 /* FileDownloadProvider.swift */ = {isa = PBXFileReference; lastKnownFileType = sourcecode.swift; path = FileDownloadProvider.swift; sourceTree = "<group>"; };
		D929438D285FA0AA00297236 /* FileDownloadProviderDelegate.swift */ = {isa = PBXFileReference; lastKnownFileType = sourcecode.swift; path = FileDownloadProviderDelegate.swift; sourceTree = "<group>"; };
		D9294398286010FA00297236 /* en */ = {isa = PBXFileReference; lastKnownFileType = text.plist.strings; name = en; path = en.lproj/Localizable.strings; sourceTree = "<group>"; };
		D929439A286010FD00297236 /* ru */ = {isa = PBXFileReference; lastKnownFileType = text.plist.strings; name = ru; path = ru.lproj/Localizable.strings; sourceTree = "<group>"; };
		D92C3D03285BB41E008EA36C /* CameraPreviewView.swift */ = {isa = PBXFileReference; lastKnownFileType = sourcecode.swift; path = CameraPreviewView.swift; sourceTree = "<group>"; };
		D92C3D0A285BCB90008EA36C /* QRScannerCaptionProvider.swift */ = {isa = PBXFileReference; lastKnownFileType = sourcecode.swift; path = QRScannerCaptionProvider.swift; sourceTree = "<group>"; };
		D92C3D0C285BE512008EA36C /* CaptureProviderDelegate.swift */ = {isa = PBXFileReference; lastKnownFileType = sourcecode.swift; path = CaptureProviderDelegate.swift; sourceTree = "<group>"; };
		D92C3D0F285BEA3A008EA36C /* String+Ext.swift */ = {isa = PBXFileReference; lastKnownFileType = sourcecode.swift; path = "String+Ext.swift"; sourceTree = "<group>"; };
		D94632022860156700528B38 /* DownloadProvider.swift */ = {isa = PBXFileReference; lastKnownFileType = sourcecode.swift; path = DownloadProvider.swift; sourceTree = "<group>"; };
		D972ADC62858D40D00080DC8 /* QRCodeScanner.app */ = {isa = PBXFileReference; explicitFileType = wrapper.application; includeInIndex = 0; path = QRCodeScanner.app; sourceTree = BUILT_PRODUCTS_DIR; };
		D972ADC92858D40D00080DC8 /* AppDelegate.swift */ = {isa = PBXFileReference; lastKnownFileType = sourcecode.swift; path = AppDelegate.swift; sourceTree = "<group>"; };
		D972ADCB2858D40D00080DC8 /* SceneDelegate.swift */ = {isa = PBXFileReference; lastKnownFileType = sourcecode.swift; path = SceneDelegate.swift; sourceTree = "<group>"; };
		D972ADCD2858D40D00080DC8 /* QRScannerViewController.swift */ = {isa = PBXFileReference; lastKnownFileType = sourcecode.swift; path = QRScannerViewController.swift; sourceTree = "<group>"; };
		D972ADD02858D40D00080DC8 /* Base */ = {isa = PBXFileReference; lastKnownFileType = file.storyboard; name = Base; path = Base.lproj/Main.storyboard; sourceTree = "<group>"; };
		D972ADD22858D40F00080DC8 /* Assets.xcassets */ = {isa = PBXFileReference; lastKnownFileType = folder.assetcatalog; path = Assets.xcassets; sourceTree = "<group>"; };
		D972ADD52858D40F00080DC8 /* Base */ = {isa = PBXFileReference; lastKnownFileType = file.storyboard; name = Base; path = Base.lproj/LaunchScreen.storyboard; sourceTree = "<group>"; };
		D972ADD72858D40F00080DC8 /* Info.plist */ = {isa = PBXFileReference; lastKnownFileType = text.plist.xml; path = Info.plist; sourceTree = "<group>"; };
		D972ADE72858FD8600080DC8 /* QRScannerPresenter.swift */ = {isa = PBXFileReference; lastKnownFileType = sourcecode.swift; path = QRScannerPresenter.swift; sourceTree = "<group>"; };
		D972ADEB2858FEAC00080DC8 /* QRScanner.swift */ = {isa = PBXFileReference; lastKnownFileType = sourcecode.swift; path = QRScanner.swift; sourceTree = "<group>"; };
		D972ADED2858FF2800080DC8 /* QRScannerPresenterDelegate.swift */ = {isa = PBXFileReference; lastKnownFileType = sourcecode.swift; path = QRScannerPresenterDelegate.swift; sourceTree = "<group>"; };
		D972ADF12859013100080DC8 /* ScanResultsPresenter.swift */ = {isa = PBXFileReference; lastKnownFileType = sourcecode.swift; path = ScanResultsPresenter.swift; sourceTree = "<group>"; };
		D972ADF32859014300080DC8 /* ScanResults.swift */ = {isa = PBXFileReference; lastKnownFileType = sourcecode.swift; path = ScanResults.swift; sourceTree = "<group>"; };
		D972ADF52859017000080DC8 /* ScanResultsPresenterDelegate.swift */ = {isa = PBXFileReference; lastKnownFileType = sourcecode.swift; path = ScanResultsPresenterDelegate.swift; sourceTree = "<group>"; };
		D972ADF72859018900080DC8 /* ScanResultsViewController.swift */ = {isa = PBXFileReference; lastKnownFileType = sourcecode.swift; path = ScanResultsViewController.swift; sourceTree = "<group>"; };
		D9A3333F285A6D120037A3D5 /* CaptureProvider.swift */ = {isa = PBXFileReference; lastKnownFileType = sourcecode.swift; path = CaptureProvider.swift; sourceTree = "<group>"; };
		D9F544EF28591B2A00A6E51B /* ru */ = {isa = PBXFileReference; lastKnownFileType = text.plist.strings; name = ru; path = ru.lproj/InfoPlist.strings; sourceTree = "<group>"; };
/* End PBXFileReference section */

/* Begin PBXFrameworksBuildPhase section */
		D972ADC32858D40D00080DC8 /* Frameworks */ = {
			isa = PBXFrameworksBuildPhase;
			buildActionMask = 2147483647;
			files = (
				D92C3D07285BB5EC008EA36C /* SnapKit in Frameworks */,
				D9294391285FD63300297236 /* Alamofire in Frameworks */,
			);
			runOnlyForDeploymentPostprocessing = 0;
		};
/* End PBXFrameworksBuildPhase section */

/* Begin PBXGroup section */
		D929438A285F9A3100297236 /* FileDownloadProvider */ = {
			isa = PBXGroup;
			children = (
				D929439B286013C900297236 /* Protocols */,
				D929438B285F9A8800297236 /* FileDownloadProvider.swift */,
			);
			path = FileDownloadProvider;
			sourceTree = "<group>";
		};
		D929439B286013C900297236 /* Protocols */ = {
			isa = PBXGroup;
			children = (
				D94632022860156700528B38 /* DownloadProvider.swift */,
			);
			path = Protocols;
			sourceTree = "<group>";
		};
		D92C3D09285BCB36008EA36C /* Protocols */ = {
			isa = PBXGroup;
			children = (
				D92C3D0A285BCB90008EA36C /* QRScannerCaptionProvider.swift */,
			);
			path = Protocols;
			sourceTree = "<group>";
		};
		D92C3D0E285BEA1F008EA36C /* Extensions */ = {
			isa = PBXGroup;
			children = (
				D92C3D0F285BEA3A008EA36C /* String+Ext.swift */,
			);
			path = Extensions;
			sourceTree = "<group>";
		};
		D972ADBD2858D40D00080DC8 = {
			isa = PBXGroup;
			children = (
				D972ADC82858D40D00080DC8 /* QRCodeScanner */,
				D972ADC72858D40D00080DC8 /* Products */,
			);
			sourceTree = "<group>";
		};
		D972ADC72858D40D00080DC8 /* Products */ = {
			isa = PBXGroup;
			children = (
				D972ADC62858D40D00080DC8 /* QRCodeScanner.app */,
			);
			name = Products;
			sourceTree = "<group>";
		};
		D972ADC82858D40D00080DC8 /* QRCodeScanner */ = {
			isa = PBXGroup;
			children = (
				D972ADDE2858F85D00080DC8 /* Sources */,
				D972ADDD2858F84D00080DC8 /* Resources */,
			);
			path = QRCodeScanner;
			sourceTree = "<group>";
		};
		D972ADDD2858F84D00080DC8 /* Resources */ = {
			isa = PBXGroup;
			children = (
				D972ADCF2858D40D00080DC8 /* Main.storyboard */,
				D972ADD22858D40F00080DC8 /* Assets.xcassets */,
				D972ADD42858D40F00080DC8 /* LaunchScreen.storyboard */,
				D972ADD72858D40F00080DC8 /* Info.plist */,
				D9F544F028591B2A00A6E51B /* InfoPlist.strings */,
				D9294399286010FA00297236 /* Localizable.strings */,
			);
			path = Resources;
			sourceTree = "<group>";
		};
		D972ADDE2858F85D00080DC8 /* Sources */ = {
			isa = PBXGroup;
			children = (
				D972ADDF2858F86700080DC8 /* App */,
				D972ADE02858F8A300080DC8 /* Scenes */,
				D9A3333E285A6C870037A3D5 /* CaptureProvider */,
				D929438A285F9A3100297236 /* FileDownloadProvider */,
				D92C3D0E285BEA1F008EA36C /* Extensions */,
			);
			path = Sources;
			sourceTree = "<group>";
		};
		D972ADDF2858F86700080DC8 /* App */ = {
			isa = PBXGroup;
			children = (
				D972ADC92858D40D00080DC8 /* AppDelegate.swift */,
				D972ADCB2858D40D00080DC8 /* SceneDelegate.swift */,
			);
			path = App;
			sourceTree = "<group>";
		};
		D972ADE02858F8A300080DC8 /* Scenes */ = {
			isa = PBXGroup;
			children = (
				D972ADE12858F97200080DC8 /* QRScanner */,
				D972ADE22858F99300080DC8 /* ScanResults */,
			);
			path = Scenes;
			sourceTree = "<group>";
		};
		D972ADE12858F97200080DC8 /* QRScanner */ = {
			isa = PBXGroup;
			children = (
				D972ADE42858FA3300080DC8 /* Presenter */,
				D972ADE32858FA2400080DC8 /* View */,
			);
			path = QRScanner;
			sourceTree = "<group>";
		};
		D972ADE22858F99300080DC8 /* ScanResults */ = {
			isa = PBXGroup;
			children = (
				D972ADE62858FA4900080DC8 /* Presenter */,
				D972ADE52858FA4300080DC8 /* View */,
			);
			path = ScanResults;
			sourceTree = "<group>";
		};
		D972ADE32858FA2400080DC8 /* View */ = {
			isa = PBXGroup;
			children = (
				D972ADEA2858FDD600080DC8 /* Protocols */,
				D972ADCD2858D40D00080DC8 /* QRScannerViewController.swift */,
				D92C3D03285BB41E008EA36C /* CameraPreviewView.swift */,
			);
			path = View;
			sourceTree = "<group>";
		};
		D972ADE42858FA3300080DC8 /* Presenter */ = {
			isa = PBXGroup;
			children = (
				D972ADE92858FDC300080DC8 /* Protocols */,
				D972ADE72858FD8600080DC8 /* QRScannerPresenter.swift */,
			);
			path = Presenter;
			sourceTree = "<group>";
		};
		D972ADE52858FA4300080DC8 /* View */ = {
			isa = PBXGroup;
			children = (
				D972ADF02859011100080DC8 /* Protocols */,
				D972ADF72859018900080DC8 /* ScanResultsViewController.swift */,
			);
			path = View;
			sourceTree = "<group>";
		};
		D972ADE62858FA4900080DC8 /* Presenter */ = {
			isa = PBXGroup;
			children = (
				D972ADEF2859005700080DC8 /* Protocols */,
				D972ADF12859013100080DC8 /* ScanResultsPresenter.swift */,
			);
			path = Presenter;
			sourceTree = "<group>";
		};
		D972ADE92858FDC300080DC8 /* Protocols */ = {
			isa = PBXGroup;
			children = (
				D972ADEB2858FEAC00080DC8 /* QRScanner.swift */,
				D92C3D0C285BE512008EA36C /* CaptureProviderDelegate.swift */,
			);
			path = Protocols;
			sourceTree = "<group>";
		};
		D972ADEA2858FDD600080DC8 /* Protocols */ = {
			isa = PBXGroup;
			children = (
				D972ADED2858FF2800080DC8 /* QRScannerPresenterDelegate.swift */,
			);
			path = Protocols;
			sourceTree = "<group>";
		};
		D972ADEF2859005700080DC8 /* Protocols */ = {
			isa = PBXGroup;
			children = (
				D972ADF32859014300080DC8 /* ScanResults.swift */,
				D929438D285FA0AA00297236 /* FileDownloadProviderDelegate.swift */,
			);
			path = Protocols;
			sourceTree = "<group>";
		};
		D972ADF02859011100080DC8 /* Protocols */ = {
			isa = PBXGroup;
			children = (
				D972ADF52859017000080DC8 /* ScanResultsPresenterDelegate.swift */,
			);
			path = Protocols;
			sourceTree = "<group>";
		};
		D9A3333E285A6C870037A3D5 /* CaptureProvider */ = {
			isa = PBXGroup;
			children = (
				D92C3D09285BCB36008EA36C /* Protocols */,
				D9A3333F285A6D120037A3D5 /* CaptureProvider.swift */,
			);
			path = CaptureProvider;
			sourceTree = "<group>";
		};
/* End PBXGroup section */

/* Begin PBXNativeTarget section */
		D972ADC52858D40D00080DC8 /* QRCodeScanner */ = {
			isa = PBXNativeTarget;
			buildConfigurationList = D972ADDA2858D40F00080DC8 /* Build configuration list for PBXNativeTarget "QRCodeScanner" */;
			buildPhases = (
				D972ADC22858D40D00080DC8 /* Sources */,
				D972ADC32858D40D00080DC8 /* Frameworks */,
				D972ADC42858D40D00080DC8 /* Resources */,
			);
			buildRules = (
			);
			dependencies = (
			);
			name = QRCodeScanner;
			packageProductDependencies = (
				D92C3D06285BB5EC008EA36C /* SnapKit */,
				D9294390285FD63300297236 /* Alamofire */,
			);
			productName = QRCodeScanner;
			productReference = D972ADC62858D40D00080DC8 /* QRCodeScanner.app */;
			productType = "com.apple.product-type.application";
		};
/* End PBXNativeTarget section */

/* Begin PBXProject section */
		D972ADBE2858D40D00080DC8 /* Project object */ = {
			isa = PBXProject;
			attributes = {
				BuildIndependentTargetsInParallel = 1;
				LastSwiftUpdateCheck = 1330;
				LastUpgradeCheck = 1330;
				TargetAttributes = {
					D972ADC52858D40D00080DC8 = {
						CreatedOnToolsVersion = 13.3.1;
					};
				};
			};
			buildConfigurationList = D972ADC12858D40D00080DC8 /* Build configuration list for PBXProject "QRCodeScanner" */;
			compatibilityVersion = "Xcode 13.0";
			developmentRegion = en;
			hasScannedForEncodings = 0;
			knownRegions = (
				en,
				Base,
				ru,
			);
			mainGroup = D972ADBD2858D40D00080DC8;
			packageReferences = (
				D92C3D05285BB5EC008EA36C /* XCRemoteSwiftPackageReference "SnapKit" */,
				D929438F285FD63300297236 /* XCRemoteSwiftPackageReference "Alamofire" */,
			);
			productRefGroup = D972ADC72858D40D00080DC8 /* Products */;
			projectDirPath = "";
			projectRoot = "";
			targets = (
				D972ADC52858D40D00080DC8 /* QRCodeScanner */,
			);
		};
/* End PBXProject section */

/* Begin PBXResourcesBuildPhase section */
		D972ADC42858D40D00080DC8 /* Resources */ = {
			isa = PBXResourcesBuildPhase;
			buildActionMask = 2147483647;
			files = (
				D9294397286010FA00297236 /* Localizable.strings in Resources */,
				D972ADD62858D40F00080DC8 /* LaunchScreen.storyboard in Resources */,
				D9F544EE28591B2A00A6E51B /* InfoPlist.strings in Resources */,
				D972ADD32858D40F00080DC8 /* Assets.xcassets in Resources */,
				D972ADD12858D40D00080DC8 /* Main.storyboard in Resources */,
			);
			runOnlyForDeploymentPostprocessing = 0;
		};
/* End PBXResourcesBuildPhase section */

/* Begin PBXSourcesBuildPhase section */
		D972ADC22858D40D00080DC8 /* Sources */ = {
			isa = PBXSourcesBuildPhase;
			buildActionMask = 2147483647;
			files = (
				D972ADEE2858FF2800080DC8 /* QRScannerPresenterDelegate.swift in Sources */,
				D972ADE82858FD8600080DC8 /* QRScannerPresenter.swift in Sources */,
				D94632032860156700528B38 /* DownloadProvider.swift in Sources */,
				D929438C285F9A8800297236 /* FileDownloadProvider.swift in Sources */,
				D92C3D0D285BE512008EA36C /* CaptureProviderDelegate.swift in Sources */,
				D92C3D10285BEA3A008EA36C /* String+Ext.swift in Sources */,
				D972ADF22859013100080DC8 /* ScanResultsPresenter.swift in Sources */,
				D972ADF42859014300080DC8 /* ScanResults.swift in Sources */,
				D972ADCE2858D40D00080DC8 /* QRScannerViewController.swift in Sources */,
				D929438E285FA0AA00297236 /* FileDownloadProviderDelegate.swift in Sources */,
				D972ADCA2858D40D00080DC8 /* AppDelegate.swift in Sources */,
				D972ADCC2858D40D00080DC8 /* SceneDelegate.swift in Sources */,
				D972ADEC2858FEAC00080DC8 /* QRScanner.swift in Sources */,
				D92C3D0B285BCB90008EA36C /* QRScannerCaptionProvider.swift in Sources */,
				D92C3D04285BB41E008EA36C /* CameraPreviewView.swift in Sources */,
				D972ADF82859018900080DC8 /* ScanResultsViewController.swift in Sources */,
				D9A33340285A6D120037A3D5 /* CaptureProvider.swift in Sources */,
				D972ADF62859017000080DC8 /* ScanResultsPresenterDelegate.swift in Sources */,
			);
			runOnlyForDeploymentPostprocessing = 0;
		};
/* End PBXSourcesBuildPhase section */

/* Begin PBXVariantGroup section */
		D9294399286010FA00297236 /* Localizable.strings */ = {
			isa = PBXVariantGroup;
			children = (
				D9294398286010FA00297236 /* en */,
				D929439A286010FD00297236 /* ru */,
			);
			name = Localizable.strings;
			sourceTree = "<group>";
		};
		D972ADCF2858D40D00080DC8 /* Main.storyboard */ = {
			isa = PBXVariantGroup;
			children = (
				D972ADD02858D40D00080DC8 /* Base */,
			);
			name = Main.storyboard;
			sourceTree = "<group>";
		};
		D972ADD42858D40F00080DC8 /* LaunchScreen.storyboard */ = {
			isa = PBXVariantGroup;
			children = (
				D972ADD52858D40F00080DC8 /* Base */,
			);
			name = LaunchScreen.storyboard;
			sourceTree = "<group>";
		};
		D9F544F028591B2A00A6E51B /* InfoPlist.strings */ = {
			isa = PBXVariantGroup;
			children = (
				D9F544EF28591B2A00A6E51B /* ru */,
			);
			name = InfoPlist.strings;
			sourceTree = "<group>";
		};
/* End PBXVariantGroup section */

/* Begin XCBuildConfiguration section */
		D972ADD82858D40F00080DC8 /* Debug */ = {
			isa = XCBuildConfiguration;
			buildSettings = {
				ALWAYS_SEARCH_USER_PATHS = NO;
				CLANG_ANALYZER_LOCALIZABILITY_NONLOCALIZED = YES;
				CLANG_ANALYZER_NONNULL = YES;
				CLANG_ANALYZER_NUMBER_OBJECT_CONVERSION = YES_AGGRESSIVE;
				CLANG_CXX_LANGUAGE_STANDARD = "gnu++17";
				CLANG_ENABLE_MODULES = YES;
				CLANG_ENABLE_OBJC_ARC = YES;
				CLANG_ENABLE_OBJC_WEAK = YES;
				CLANG_WARN_BLOCK_CAPTURE_AUTORELEASING = YES;
				CLANG_WARN_BOOL_CONVERSION = YES;
				CLANG_WARN_COMMA = YES;
				CLANG_WARN_CONSTANT_CONVERSION = YES;
				CLANG_WARN_DEPRECATED_OBJC_IMPLEMENTATIONS = YES;
				CLANG_WARN_DIRECT_OBJC_ISA_USAGE = YES_ERROR;
				CLANG_WARN_DOCUMENTATION_COMMENTS = YES;
				CLANG_WARN_EMPTY_BODY = YES;
				CLANG_WARN_ENUM_CONVERSION = YES;
				CLANG_WARN_INFINITE_RECURSION = YES;
				CLANG_WARN_INT_CONVERSION = YES;
				CLANG_WARN_NON_LITERAL_NULL_CONVERSION = YES;
				CLANG_WARN_OBJC_IMPLICIT_RETAIN_SELF = YES;
				CLANG_WARN_OBJC_LITERAL_CONVERSION = YES;
				CLANG_WARN_OBJC_ROOT_CLASS = YES_ERROR;
				CLANG_WARN_QUOTED_INCLUDE_IN_FRAMEWORK_HEADER = YES;
				CLANG_WARN_RANGE_LOOP_ANALYSIS = YES;
				CLANG_WARN_STRICT_PROTOTYPES = YES;
				CLANG_WARN_SUSPICIOUS_MOVE = YES;
				CLANG_WARN_UNGUARDED_AVAILABILITY = YES_AGGRESSIVE;
				CLANG_WARN_UNREACHABLE_CODE = YES;
				CLANG_WARN__DUPLICATE_METHOD_MATCH = YES;
				COPY_PHASE_STRIP = NO;
				DEBUG_INFORMATION_FORMAT = dwarf;
				ENABLE_STRICT_OBJC_MSGSEND = YES;
				ENABLE_TESTABILITY = YES;
				GCC_C_LANGUAGE_STANDARD = gnu11;
				GCC_DYNAMIC_NO_PIC = NO;
				GCC_NO_COMMON_BLOCKS = YES;
				GCC_OPTIMIZATION_LEVEL = 0;
				GCC_PREPROCESSOR_DEFINITIONS = (
					"DEBUG=1",
					"$(inherited)",
				);
				GCC_WARN_64_TO_32_BIT_CONVERSION = YES;
				GCC_WARN_ABOUT_RETURN_TYPE = YES_ERROR;
				GCC_WARN_UNDECLARED_SELECTOR = YES;
				GCC_WARN_UNINITIALIZED_AUTOS = YES_AGGRESSIVE;
				GCC_WARN_UNUSED_FUNCTION = YES;
				GCC_WARN_UNUSED_VARIABLE = YES;
				IPHONEOS_DEPLOYMENT_TARGET = 15.4;
				MTL_ENABLE_DEBUG_INFO = INCLUDE_SOURCE;
				MTL_FAST_MATH = YES;
				ONLY_ACTIVE_ARCH = YES;
				SDKROOT = iphoneos;
				SWIFT_ACTIVE_COMPILATION_CONDITIONS = DEBUG;
				SWIFT_OPTIMIZATION_LEVEL = "-Onone";
			};
			name = Debug;
		};
		D972ADD92858D40F00080DC8 /* Release */ = {
			isa = XCBuildConfiguration;
			buildSettings = {
				ALWAYS_SEARCH_USER_PATHS = NO;
				CLANG_ANALYZER_LOCALIZABILITY_NONLOCALIZED = YES;
				CLANG_ANALYZER_NONNULL = YES;
				CLANG_ANALYZER_NUMBER_OBJECT_CONVERSION = YES_AGGRESSIVE;
				CLANG_CXX_LANGUAGE_STANDARD = "gnu++17";
				CLANG_ENABLE_MODULES = YES;
				CLANG_ENABLE_OBJC_ARC = YES;
				CLANG_ENABLE_OBJC_WEAK = YES;
				CLANG_WARN_BLOCK_CAPTURE_AUTORELEASING = YES;
				CLANG_WARN_BOOL_CONVERSION = YES;
				CLANG_WARN_COMMA = YES;
				CLANG_WARN_CONSTANT_CONVERSION = YES;
				CLANG_WARN_DEPRECATED_OBJC_IMPLEMENTATIONS = YES;
				CLANG_WARN_DIRECT_OBJC_ISA_USAGE = YES_ERROR;
				CLANG_WARN_DOCUMENTATION_COMMENTS = YES;
				CLANG_WARN_EMPTY_BODY = YES;
				CLANG_WARN_ENUM_CONVERSION = YES;
				CLANG_WARN_INFINITE_RECURSION = YES;
				CLANG_WARN_INT_CONVERSION = YES;
				CLANG_WARN_NON_LITERAL_NULL_CONVERSION = YES;
				CLANG_WARN_OBJC_IMPLICIT_RETAIN_SELF = YES;
				CLANG_WARN_OBJC_LITERAL_CONVERSION = YES;
				CLANG_WARN_OBJC_ROOT_CLASS = YES_ERROR;
				CLANG_WARN_QUOTED_INCLUDE_IN_FRAMEWORK_HEADER = YES;
				CLANG_WARN_RANGE_LOOP_ANALYSIS = YES;
				CLANG_WARN_STRICT_PROTOTYPES = YES;
				CLANG_WARN_SUSPICIOUS_MOVE = YES;
				CLANG_WARN_UNGUARDED_AVAILABILITY = YES_AGGRESSIVE;
				CLANG_WARN_UNREACHABLE_CODE = YES;
				CLANG_WARN__DUPLICATE_METHOD_MATCH = YES;
				COPY_PHASE_STRIP = NO;
				DEBUG_INFORMATION_FORMAT = "dwarf-with-dsym";
				ENABLE_NS_ASSERTIONS = NO;
				ENABLE_STRICT_OBJC_MSGSEND = YES;
				GCC_C_LANGUAGE_STANDARD = gnu11;
				GCC_NO_COMMON_BLOCKS = YES;
				GCC_WARN_64_TO_32_BIT_CONVERSION = YES;
				GCC_WARN_ABOUT_RETURN_TYPE = YES_ERROR;
				GCC_WARN_UNDECLARED_SELECTOR = YES;
				GCC_WARN_UNINITIALIZED_AUTOS = YES_AGGRESSIVE;
				GCC_WARN_UNUSED_FUNCTION = YES;
				GCC_WARN_UNUSED_VARIABLE = YES;
				IPHONEOS_DEPLOYMENT_TARGET = 15.4;
				MTL_ENABLE_DEBUG_INFO = NO;
				MTL_FAST_MATH = YES;
				SDKROOT = iphoneos;
				SWIFT_COMPILATION_MODE = wholemodule;
				SWIFT_OPTIMIZATION_LEVEL = "-O";
				VALIDATE_PRODUCT = YES;
			};
			name = Release;
		};
		D972ADDB2858D40F00080DC8 /* Debug */ = {
			isa = XCBuildConfiguration;
			buildSettings = {
				ASSETCATALOG_COMPILER_APPICON_NAME = AppIcon;
				ASSETCATALOG_COMPILER_GLOBAL_ACCENT_COLOR_NAME = AccentColor;
				CODE_SIGN_STYLE = Automatic;
				CURRENT_PROJECT_VERSION = 1;
				DEVELOPMENT_TEAM = XK82N983EZ;
				GENERATE_INFOPLIST_FILE = YES;
				INFOPLIST_FILE = QRCodeScanner/Resources/Info.plist;
				INFOPLIST_KEY_UIApplicationSupportsIndirectInputEvents = YES;
				INFOPLIST_KEY_UILaunchStoryboardName = LaunchScreen;
				INFOPLIST_KEY_UIMainStoryboardFile = Main;
				INFOPLIST_KEY_UISupportedInterfaceOrientations_iPad = "UIInterfaceOrientationPortrait UIInterfaceOrientationPortraitUpsideDown UIInterfaceOrientationLandscapeLeft UIInterfaceOrientationLandscapeRight";
				INFOPLIST_KEY_UISupportedInterfaceOrientations_iPhone = "UIInterfaceOrientationPortrait UIInterfaceOrientationLandscapeLeft UIInterfaceOrientationLandscapeRight";
				LD_RUNPATH_SEARCH_PATHS = (
					"$(inherited)",
					"@executable_path/Frameworks",
				);
				MARKETING_VERSION = 1.0;
				PRODUCT_BUNDLE_IDENTIFIER = bagmet.QRCodeScanner;
				PRODUCT_NAME = "$(TARGET_NAME)";
				SWIFT_EMIT_LOC_STRINGS = YES;
				SWIFT_VERSION = 5.0;
				TARGETED_DEVICE_FAMILY = "1,2";
			};
			name = Debug;
		};
		D972ADDC2858D40F00080DC8 /* Release */ = {
			isa = XCBuildConfiguration;
			buildSettings = {
				ASSETCATALOG_COMPILER_APPICON_NAME = AppIcon;
				ASSETCATALOG_COMPILER_GLOBAL_ACCENT_COLOR_NAME = AccentColor;
				CODE_SIGN_STYLE = Automatic;
				CURRENT_PROJECT_VERSION = 1;
				DEVELOPMENT_TEAM = XK82N983EZ;
				GENERATE_INFOPLIST_FILE = YES;
				INFOPLIST_FILE = QRCodeScanner/Resources/Info.plist;
				INFOPLIST_KEY_UIApplicationSupportsIndirectInputEvents = YES;
				INFOPLIST_KEY_UILaunchStoryboardName = LaunchScreen;
				INFOPLIST_KEY_UIMainStoryboardFile = Main;
				INFOPLIST_KEY_UISupportedInterfaceOrientations_iPad = "UIInterfaceOrientationPortrait UIInterfaceOrientationPortraitUpsideDown UIInterfaceOrientationLandscapeLeft UIInterfaceOrientationLandscapeRight";
				INFOPLIST_KEY_UISupportedInterfaceOrientations_iPhone = "UIInterfaceOrientationPortrait UIInterfaceOrientationLandscapeLeft UIInterfaceOrientationLandscapeRight";
				LD_RUNPATH_SEARCH_PATHS = (
					"$(inherited)",
					"@executable_path/Frameworks",
				);
				MARKETING_VERSION = 1.0;
				PRODUCT_BUNDLE_IDENTIFIER = bagmet.QRCodeScanner;
				PRODUCT_NAME = "$(TARGET_NAME)";
				SWIFT_EMIT_LOC_STRINGS = YES;
				SWIFT_VERSION = 5.0;
				TARGETED_DEVICE_FAMILY = "1,2";
			};
			name = Release;
		};
/* End XCBuildConfiguration section */

/* Begin XCConfigurationList section */
		D972ADC12858D40D00080DC8 /* Build configuration list for PBXProject "QRCodeScanner" */ = {
			isa = XCConfigurationList;
			buildConfigurations = (
				D972ADD82858D40F00080DC8 /* Debug */,
				D972ADD92858D40F00080DC8 /* Release */,
			);
			defaultConfigurationIsVisible = 0;
			defaultConfigurationName = Release;
		};
		D972ADDA2858D40F00080DC8 /* Build configuration list for PBXNativeTarget "QRCodeScanner" */ = {
			isa = XCConfigurationList;
			buildConfigurations = (
				D972ADDB2858D40F00080DC8 /* Debug */,
				D972ADDC2858D40F00080DC8 /* Release */,
			);
			defaultConfigurationIsVisible = 0;
			defaultConfigurationName = Release;
		};
/* End XCConfigurationList section */

/* Begin XCRemoteSwiftPackageReference section */
		D929438F285FD63300297236 /* XCRemoteSwiftPackageReference "Alamofire" */ = {
			isa = XCRemoteSwiftPackageReference;
			repositoryURL = "https://github.com/Alamofire/Alamofire.git";
			requirement = {
				kind = upToNextMajorVersion;
				minimumVersion = 5.6.1;
			};
		};
		D92C3D05285BB5EC008EA36C /* XCRemoteSwiftPackageReference "SnapKit" */ = {
			isa = XCRemoteSwiftPackageReference;
			repositoryURL = "https://github.com/SnapKit/SnapKit.git";
			requirement = {
				kind = upToNextMajorVersion;
				minimumVersion = 5.6.0;
			};
		};
/* End XCRemoteSwiftPackageReference section */

/* Begin XCSwiftPackageProductDependency section */
		D9294390285FD63300297236 /* Alamofire */ = {
			isa = XCSwiftPackageProductDependency;
			package = D929438F285FD63300297236 /* XCRemoteSwiftPackageReference "Alamofire" */;
			productName = Alamofire;
		};
		D92C3D06285BB5EC008EA36C /* SnapKit */ = {
			isa = XCSwiftPackageProductDependency;
			package = D92C3D05285BB5EC008EA36C /* XCRemoteSwiftPackageReference "SnapKit" */;
			productName = SnapKit;
		};
/* End XCSwiftPackageProductDependency section */
	};
	rootObject = D972ADBE2858D40D00080DC8 /* Project object */;
}
